
Microsoft Visual Studio Solution File, Format Version 12.00
# Visual Studio Version 17
VisualStudioVersion = 17.13.35919.96 d17.13
MinimumVisualStudioVersion = 10.0.40219.1
Project("{FAE04EC0-301F-11D3-BF4B-00C04F79EFBC}") = "Tanque", "Tanque\Tanque.csproj", "{2AAA3C43-6B61-4D07-A7F7-5A40380938AA}"
EndProject
Global
	GlobalSection(SolutionConfigurationPlatforms) = preSolution
		Debug|Any CPU = Debug|Any CPU
		Release|Any CPU = Release|Any CPU
	EndGlobalSection
	GlobalSection(ProjectConfigurationPlatforms) = postSolution
		{2AAA3C43-6B61-4D07-A7F7-5A40380938AA}.Debug|Any CPU.ActiveCfg = Debug|Any CPU
		{2AAA3C43-6B61-4D07-A7F7-5A40380938AA}.Debug|Any CPU.Build.0 = Debug|Any CPU
		{2AAA3C43-6B61-4D07-A7F7-5A40380938AA}.Release|Any CPU.ActiveCfg = Release|Any CPU
		{2AAA3C43-6B61-4D07-A7F7-5A40380938AA}.Release|Any CPU.Build.0 = Release|Any CPU
	EndGlobalSection
	GlobalSection(SolutionProperties) = preSolution
		HideSolutionNode = FALSE
	EndGlobalSection
	GlobalSection(ExtensibilityGlobals) = postSolution
		SolutionGuid = {F5CA6A5D-0999-46EE-A463-6268D0359BA6}
	EndGlobalSection
EndGlobal
